
Microsoft Visual Studio Solution File, Format Version 12.00
# Visual Studio Version 17
VisualStudioVersion = 17.3.32811.315
MinimumVisualStudioVersion = 10.0.40219.1
Project("{9A19103F-16F7-4668-BE54-9A1E7A4F7556}") = "C1_Ejercicio01", "Ejercicio01\C1_Ejercicio01.csproj", "{5BF41464-265C-42B8-9F73-A750D864AEFE}"
EndProject
Project("{9A19103F-16F7-4668-BE54-9A1E7A4F7556}") = "C1_Ejercicio02", "Ejercicio02\C1_Ejercicio02.csproj", "{31E0B37D-5F24-4A3E-8AD1-5A48C90229EA}"
EndProject
Project("{2150E333-8FDC-42A3-9474-1A3956D46DE8}") = "Clase01", "Clase01", "{54A2F6FF-8570-4AA6-ACBA-43F0E0F59E51}"
EndProject
Project("{2150E333-8FDC-42A3-9474-1A3956D46DE8}") = "Clase02", "Clase02", "{235C020C-8AB5-41B7-82F8-C6C11D4B6112}"
EndProject
Project("{9A19103F-16F7-4668-BE54-9A1E7A4F7556}") = "C1_Ejercicio03", "C1_Ejercicio03\C1_Ejercicio03.csproj", "{9BE2920D-ADC5-4593-B73E-B9BA3D67710F}"
EndProject
Project("{9A19103F-16F7-4668-BE54-9A1E7A4F7556}") = "C2_Ejercicio04", "C2_Ejercicio04\C2_Ejercicio04.csproj", "{4BB9A31F-99A4-4509-B5B8-3E89FD2D201E}"
EndProject
Project("{9A19103F-16F7-4668-BE54-9A1E7A4F7556}") = "C2_ExplicacionClaseEstatica", "C2_ExplicacionClaseEstatica\C2_ExplicacionClaseEstatica.csproj", "{39DEDFEB-41C7-440B-9A1B-7C76513ECC25}"
EndProject
Project("{9A19103F-16F7-4668-BE54-9A1E7A4F7556}") = "C2_Ejercicio01", "C2_Ejercicio01\C2_Ejercicio01.csproj", "{BFD53AE7-5BD9-44AC-96BD-731E8077474B}"
EndProject
Project("{9A19103F-16F7-4668-BE54-9A1E7A4F7556}") = "C2_Ejercicio_ClaseSello", "C2_Ejercicio_ClaseSello\C2_Ejercicio_ClaseSello.csproj", "{D54E3538-738B-444B-B5F2-6930F633E2C0}"
EndProject
Project("{9A19103F-16F7-4668-BE54-9A1E7A4F7556}") = "Dibujo_ASCII", "Dibujo_ASCII\Dibujo_ASCII.csproj", "{80C9021B-9EAA-443C-B752-AA6387C2F8C1}"
EndProject
Project("{2150E333-8FDC-42A3-9474-1A3956D46DE8}") = "Clase03", "Clase03", "{023D5BD8-4599-419B-8150-B58328C08C91}"
EndProject
Project("{9A19103F-16F7-4668-BE54-9A1E7A4F7556}") = "Explicacion_POO", "Explicacion_POO\Explicacion_POO.csproj", "{66A7DA42-26BF-45FC-A0EA-64C9C9F19F88}"
EndProject
Project("{9A19103F-16F7-4668-BE54-9A1E7A4F7556}") = "Entidades", "Entidades\Entidades.csproj", "{4C1E4A7B-28BF-4E2E-A752-18BA63573DE6}"
EndProject
Project("{9A19103F-16F7-4668-BE54-9A1E7A4F7556}") = "C03_Ejercicio01", "C3_Ejercicio01\C03_Ejercicio01.csproj", "{FD2E4A3B-28C5-418B-93BD-057070DC3645}"
EndProject
Project("{9A19103F-16F7-4668-BE54-9A1E7A4F7556}") = "C03_Ejercicio02", "C3_Ejercicio02\C03_Ejercicio02.csproj", "{1DD9E6BC-5362-41F0-984C-21CAD8632AB9}"
EndProject
Project("{9A19103F-16F7-4668-BE54-9A1E7A4F7556}") = "C03_Constructores", "C03_Constructores\C03_Constructores.csproj", "{AC7AC4F2-E89C-4913-B6B8-81BF295EA004}"
EndProject
Project("{9A19103F-16F7-4668-BE54-9A1E7A4F7556}") = "C02_Ejercicio08", "C02_Ejercicio08\C02_Ejercicio08.csproj", "{84770EC4-B215-4D67-8589-708A7A6F1F5E}"
EndProject
Project("{9A19103F-16F7-4668-BE54-9A1E7A4F7556}") = "C03_Ejercicio03", "C03_Ejercicio03\C03_Ejercicio03.csproj", "{99A5AEE9-91AD-4721-9727-4031AA8972AC}"
EndProject
Project("{9A19103F-16F7-4668-BE54-9A1E7A4F7556}") = "TestBus", "TestBus\TestBus.csproj", "{62C110BB-F240-4420-8008-848769CE7C90}"
EndProject
Project("{9A19103F-16F7-4668-BE54-9A1E7A4F7556}") = "C03_Ejercicio04", "C03_Ejercicio04\C03_Ejercicio04.csproj", "{49F00838-BF54-4FD2-B115-9EADEEED06F9}"
EndProject
Project("{2150E333-8FDC-42A3-9474-1A3956D46DE8}") = "Clase04", "Clase04", "{B75FC6D3-8F26-4B4A-890F-9F01F405D425}"
EndProject
Project("{9A19103F-16F7-4668-BE54-9A1E7A4F7556}") = "C04_Explicacion", "C04_Explicacion\C04_Explicacion.csproj", "{1A702047-1A3C-4E35-A81E-277E6F1AFA77}"
EndProject
Project("{9A19103F-16F7-4668-BE54-9A1E7A4F7556}") = "C04_Ejercicio01", "C04_Ejercicio01\C04_Ejercicio01.csproj", "{798BBADD-8718-4F33-A40E-1EAB69B89B3E}"
EndProject
Project("{9A19103F-16F7-4668-BE54-9A1E7A4F7556}") = "C04_Entidades", "C04_Entidades\C04_Entidades.csproj", "{9C6C0CFB-1CCB-4399-AB25-E66150BFDA59}"
EndProject
Project("{9A19103F-16F7-4668-BE54-9A1E7A4F7556}") = "C04_Ejercicio02", "C04_Ejercicio02\C04_Ejercicio02.csproj", "{2DCA60DD-4B4A-4322-B398-5E97033C411E}"
EndProject
Project("{9A19103F-16F7-4668-BE54-9A1E7A4F7556}") = "Billetes", "Billetes\Billetes.csproj", "{FC0ADB3B-7F1A-465E-9B1C-6B87166F85E7}"
EndProject
Project("{2150E333-8FDC-42A3-9474-1A3956D46DE8}") = "Clase05", "Clase05", "{2F7C7D53-27CF-42FD-8462-1D5AD497F2B0}"
EndProject
Project("{9A19103F-16F7-4668-BE54-9A1E7A4F7556}") = "C05_ExplicacionLoginForms", "C05_ExplicacionLoginForms\C05_ExplicacionLoginForms.csproj", "{92EBD535-5D2A-4F6D-8011-ECE436964F0B}"
EndProject
Project("{9A19103F-16F7-4668-BE54-9A1E7A4F7556}") = "C05_Explicacion2", "C05_Explicacion2\C05_Explicacion2.csproj", "{50CCBFE5-0B18-441F-BC99-430C102CA3E4}"
EndProject
Project("{9A19103F-16F7-4668-BE54-9A1E7A4F7556}") = "C05_RepasoTestConsola", "C05_Repaso\C05_RepasoTestConsola.csproj", "{F55E1370-547B-4A6D-83E9-836C86A3985A}"
EndProject
Project("{9A19103F-16F7-4668-BE54-9A1E7A4F7556}") = "C05_Entidades", "C05_Entidades\C05_Entidades.csproj", "{EE16D931-803F-4032-8D87-A2DA79ED8943}"
EndProject
Project("{9A19103F-16F7-4668-BE54-9A1E7A4F7556}") = "C05_Vistas", "C05_Vistas\C05_Vistas.csproj", "{A3BFD403-CB02-4795-8525-A0C16A47C518}"
EndProject
Project("{9A19103F-16F7-4668-BE54-9A1E7A4F7556}") = "C05_E01", "C05_E01\C05_E01.csproj", "{132D0E99-8F50-4F2E-81D0-475FA829B41C}"
EndProject
Project("{9A19103F-16F7-4668-BE54-9A1E7A4F7556}") = "C03_Ejercicio05", "C03_Ejercicio05\C03_Ejercicio05.csproj", "{A702F66A-4DA8-4A09-9686-9D7186A88A41}"
EndProject
Project("{9A19103F-16F7-4668-BE54-9A1E7A4F7556}") = "C03_Geometria", "C03_Geometria\C03_Geometria.csproj", "{D50C9635-0CB2-4392-B4CD-C253D1A7A2DE}"
EndProject
Project("{2150E333-8FDC-42A3-9474-1A3956D46DE8}") = "Clase05b", "Clase05b", "{5F585A6B-9E78-4B4B-8C5A-014EF0FF5DA2}"
EndProject
Project("{FAE04EC0-301F-11D3-BF4B-00C04F79EFBC}") = "C05b_Entidades", "C05b_Entidades\C05b_Entidades.csproj", "{2316956E-2775-4931-8C7D-D4F4347FBE50}"
EndProject
Project("{FAE04EC0-301F-11D3-BF4B-00C04F79EFBC}") = "C05b_Ejercicio02", "C05b_Ejercicio02\C05b_Ejercicio02.csproj", "{15B5AF87-3EF2-4882-ACBA-9BC96DAF8745}"
EndProject
Global
	GlobalSection(SolutionConfigurationPlatforms) = preSolution
		Debug|Any CPU = Debug|Any CPU
		Release|Any CPU = Release|Any CPU
	EndGlobalSection
	GlobalSection(ProjectConfigurationPlatforms) = postSolution
		{5BF41464-265C-42B8-9F73-A750D864AEFE}.Debug|Any CPU.ActiveCfg = Debug|Any CPU
		{5BF41464-265C-42B8-9F73-A750D864AEFE}.Debug|Any CPU.Build.0 = Debug|Any CPU
		{5BF41464-265C-42B8-9F73-A750D864AEFE}.Release|Any CPU.ActiveCfg = Release|Any CPU
		{5BF41464-265C-42B8-9F73-A750D864AEFE}.Release|Any CPU.Build.0 = Release|Any CPU
		{31E0B37D-5F24-4A3E-8AD1-5A48C90229EA}.Debug|Any CPU.ActiveCfg = Debug|Any CPU
		{31E0B37D-5F24-4A3E-8AD1-5A48C90229EA}.Debug|Any CPU.Build.0 = Debug|Any CPU
		{31E0B37D-5F24-4A3E-8AD1-5A48C90229EA}.Release|Any CPU.ActiveCfg = Release|Any CPU
		{31E0B37D-5F24-4A3E-8AD1-5A48C90229EA}.Release|Any CPU.Build.0 = Release|Any CPU
		{9BE2920D-ADC5-4593-B73E-B9BA3D67710F}.Debug|Any CPU.ActiveCfg = Debug|Any CPU
		{9BE2920D-ADC5-4593-B73E-B9BA3D67710F}.Debug|Any CPU.Build.0 = Debug|Any CPU
		{9BE2920D-ADC5-4593-B73E-B9BA3D67710F}.Release|Any CPU.ActiveCfg = Release|Any CPU
		{9BE2920D-ADC5-4593-B73E-B9BA3D67710F}.Release|Any CPU.Build.0 = Release|Any CPU
		{4BB9A31F-99A4-4509-B5B8-3E89FD2D201E}.Debug|Any CPU.ActiveCfg = Debug|Any CPU
		{4BB9A31F-99A4-4509-B5B8-3E89FD2D201E}.Debug|Any CPU.Build.0 = Debug|Any CPU
		{4BB9A31F-99A4-4509-B5B8-3E89FD2D201E}.Release|Any CPU.ActiveCfg = Release|Any CPU
		{4BB9A31F-99A4-4509-B5B8-3E89FD2D201E}.Release|Any CPU.Build.0 = Release|Any CPU
		{39DEDFEB-41C7-440B-9A1B-7C76513ECC25}.Debug|Any CPU.ActiveCfg = Debug|Any CPU
		{39DEDFEB-41C7-440B-9A1B-7C76513ECC25}.Debug|Any CPU.Build.0 = Debug|Any CPU
		{39DEDFEB-41C7-440B-9A1B-7C76513ECC25}.Release|Any CPU.ActiveCfg = Release|Any CPU
		{39DEDFEB-41C7-440B-9A1B-7C76513ECC25}.Release|Any CPU.Build.0 = Release|Any CPU
		{BFD53AE7-5BD9-44AC-96BD-731E8077474B}.Debug|Any CPU.ActiveCfg = Debug|Any CPU
		{BFD53AE7-5BD9-44AC-96BD-731E8077474B}.Debug|Any CPU.Build.0 = Debug|Any CPU
		{BFD53AE7-5BD9-44AC-96BD-731E8077474B}.Release|Any CPU.ActiveCfg = Release|Any CPU
		{BFD53AE7-5BD9-44AC-96BD-731E8077474B}.Release|Any CPU.Build.0 = Release|Any CPU
		{D54E3538-738B-444B-B5F2-6930F633E2C0}.Debug|Any CPU.ActiveCfg = Debug|Any CPU
		{D54E3538-738B-444B-B5F2-6930F633E2C0}.Debug|Any CPU.Build.0 = Debug|Any CPU
		{D54E3538-738B-444B-B5F2-6930F633E2C0}.Release|Any CPU.ActiveCfg = Release|Any CPU
		{D54E3538-738B-444B-B5F2-6930F633E2C0}.Release|Any CPU.Build.0 = Release|Any CPU
		{80C9021B-9EAA-443C-B752-AA6387C2F8C1}.Debug|Any CPU.ActiveCfg = Debug|Any CPU
		{80C9021B-9EAA-443C-B752-AA6387C2F8C1}.Debug|Any CPU.Build.0 = Debug|Any CPU
		{80C9021B-9EAA-443C-B752-AA6387C2F8C1}.Release|Any CPU.ActiveCfg = Release|Any CPU
		{80C9021B-9EAA-443C-B752-AA6387C2F8C1}.Release|Any CPU.Build.0 = Release|Any CPU
		{66A7DA42-26BF-45FC-A0EA-64C9C9F19F88}.Debug|Any CPU.ActiveCfg = Debug|Any CPU
		{66A7DA42-26BF-45FC-A0EA-64C9C9F19F88}.Debug|Any CPU.Build.0 = Debug|Any CPU
		{66A7DA42-26BF-45FC-A0EA-64C9C9F19F88}.Release|Any CPU.ActiveCfg = Release|Any CPU
		{66A7DA42-26BF-45FC-A0EA-64C9C9F19F88}.Release|Any CPU.Build.0 = Release|Any CPU
		{4C1E4A7B-28BF-4E2E-A752-18BA63573DE6}.Debug|Any CPU.ActiveCfg = Debug|Any CPU
		{4C1E4A7B-28BF-4E2E-A752-18BA63573DE6}.Debug|Any CPU.Build.0 = Debug|Any CPU
		{4C1E4A7B-28BF-4E2E-A752-18BA63573DE6}.Release|Any CPU.ActiveCfg = Release|Any CPU
		{4C1E4A7B-28BF-4E2E-A752-18BA63573DE6}.Release|Any CPU.Build.0 = Release|Any CPU
		{FD2E4A3B-28C5-418B-93BD-057070DC3645}.Debug|Any CPU.ActiveCfg = Debug|Any CPU
		{FD2E4A3B-28C5-418B-93BD-057070DC3645}.Debug|Any CPU.Build.0 = Debug|Any CPU
		{FD2E4A3B-28C5-418B-93BD-057070DC3645}.Release|Any CPU.ActiveCfg = Release|Any CPU
		{FD2E4A3B-28C5-418B-93BD-057070DC3645}.Release|Any CPU.Build.0 = Release|Any CPU
		{1DD9E6BC-5362-41F0-984C-21CAD8632AB9}.Debug|Any CPU.ActiveCfg = Debug|Any CPU
		{1DD9E6BC-5362-41F0-984C-21CAD8632AB9}.Debug|Any CPU.Build.0 = Debug|Any CPU
		{1DD9E6BC-5362-41F0-984C-21CAD8632AB9}.Release|Any CPU.ActiveCfg = Release|Any CPU
		{1DD9E6BC-5362-41F0-984C-21CAD8632AB9}.Release|Any CPU.Build.0 = Release|Any CPU
		{AC7AC4F2-E89C-4913-B6B8-81BF295EA004}.Debug|Any CPU.ActiveCfg = Debug|Any CPU
		{AC7AC4F2-E89C-4913-B6B8-81BF295EA004}.Debug|Any CPU.Build.0 = Debug|Any CPU
		{AC7AC4F2-E89C-4913-B6B8-81BF295EA004}.Release|Any CPU.ActiveCfg = Release|Any CPU
		{AC7AC4F2-E89C-4913-B6B8-81BF295EA004}.Release|Any CPU.Build.0 = Release|Any CPU
		{84770EC4-B215-4D67-8589-708A7A6F1F5E}.Debug|Any CPU.ActiveCfg = Debug|Any CPU
		{84770EC4-B215-4D67-8589-708A7A6F1F5E}.Debug|Any CPU.Build.0 = Debug|Any CPU
		{84770EC4-B215-4D67-8589-708A7A6F1F5E}.Release|Any CPU.ActiveCfg = Release|Any CPU
		{84770EC4-B215-4D67-8589-708A7A6F1F5E}.Release|Any CPU.Build.0 = Release|Any CPU
		{99A5AEE9-91AD-4721-9727-4031AA8972AC}.Debug|Any CPU.ActiveCfg = Debug|Any CPU
		{99A5AEE9-91AD-4721-9727-4031AA8972AC}.Debug|Any CPU.Build.0 = Debug|Any CPU
		{99A5AEE9-91AD-4721-9727-4031AA8972AC}.Release|Any CPU.ActiveCfg = Release|Any CPU
		{99A5AEE9-91AD-4721-9727-4031AA8972AC}.Release|Any CPU.Build.0 = Release|Any CPU
		{62C110BB-F240-4420-8008-848769CE7C90}.Debug|Any CPU.ActiveCfg = Debug|Any CPU
		{62C110BB-F240-4420-8008-848769CE7C90}.Debug|Any CPU.Build.0 = Debug|Any CPU
		{62C110BB-F240-4420-8008-848769CE7C90}.Release|Any CPU.ActiveCfg = Release|Any CPU
		{62C110BB-F240-4420-8008-848769CE7C90}.Release|Any CPU.Build.0 = Release|Any CPU
		{49F00838-BF54-4FD2-B115-9EADEEED06F9}.Debug|Any CPU.ActiveCfg = Debug|Any CPU
		{49F00838-BF54-4FD2-B115-9EADEEED06F9}.Debug|Any CPU.Build.0 = Debug|Any CPU
		{49F00838-BF54-4FD2-B115-9EADEEED06F9}.Release|Any CPU.ActiveCfg = Release|Any CPU
		{49F00838-BF54-4FD2-B115-9EADEEED06F9}.Release|Any CPU.Build.0 = Release|Any CPU
		{1A702047-1A3C-4E35-A81E-277E6F1AFA77}.Debug|Any CPU.ActiveCfg = Debug|Any CPU
		{1A702047-1A3C-4E35-A81E-277E6F1AFA77}.Debug|Any CPU.Build.0 = Debug|Any CPU
		{1A702047-1A3C-4E35-A81E-277E6F1AFA77}.Release|Any CPU.ActiveCfg = Release|Any CPU
		{1A702047-1A3C-4E35-A81E-277E6F1AFA77}.Release|Any CPU.Build.0 = Release|Any CPU
		{798BBADD-8718-4F33-A40E-1EAB69B89B3E}.Debug|Any CPU.ActiveCfg = Debug|Any CPU
		{798BBADD-8718-4F33-A40E-1EAB69B89B3E}.Debug|Any CPU.Build.0 = Debug|Any CPU
		{798BBADD-8718-4F33-A40E-1EAB69B89B3E}.Release|Any CPU.ActiveCfg = Release|Any CPU
		{798BBADD-8718-4F33-A40E-1EAB69B89B3E}.Release|Any CPU.Build.0 = Release|Any CPU
		{9C6C0CFB-1CCB-4399-AB25-E66150BFDA59}.Debug|Any CPU.ActiveCfg = Debug|Any CPU
		{9C6C0CFB-1CCB-4399-AB25-E66150BFDA59}.Debug|Any CPU.Build.0 = Debug|Any CPU
		{9C6C0CFB-1CCB-4399-AB25-E66150BFDA59}.Release|Any CPU.ActiveCfg = Release|Any CPU
		{9C6C0CFB-1CCB-4399-AB25-E66150BFDA59}.Release|Any CPU.Build.0 = Release|Any CPU
		{2DCA60DD-4B4A-4322-B398-5E97033C411E}.Debug|Any CPU.ActiveCfg = Debug|Any CPU
		{2DCA60DD-4B4A-4322-B398-5E97033C411E}.Debug|Any CPU.Build.0 = Debug|Any CPU
		{2DCA60DD-4B4A-4322-B398-5E97033C411E}.Release|Any CPU.ActiveCfg = Release|Any CPU
		{2DCA60DD-4B4A-4322-B398-5E97033C411E}.Release|Any CPU.Build.0 = Release|Any CPU
		{FC0ADB3B-7F1A-465E-9B1C-6B87166F85E7}.Debug|Any CPU.ActiveCfg = Debug|Any CPU
		{FC0ADB3B-7F1A-465E-9B1C-6B87166F85E7}.Debug|Any CPU.Build.0 = Debug|Any CPU
		{FC0ADB3B-7F1A-465E-9B1C-6B87166F85E7}.Release|Any CPU.ActiveCfg = Release|Any CPU
		{FC0ADB3B-7F1A-465E-9B1C-6B87166F85E7}.Release|Any CPU.Build.0 = Release|Any CPU
		{92EBD535-5D2A-4F6D-8011-ECE436964F0B}.Debug|Any CPU.ActiveCfg = Debug|Any CPU
		{92EBD535-5D2A-4F6D-8011-ECE436964F0B}.Debug|Any CPU.Build.0 = Debug|Any CPU
		{92EBD535-5D2A-4F6D-8011-ECE436964F0B}.Release|Any CPU.ActiveCfg = Release|Any CPU
		{92EBD535-5D2A-4F6D-8011-ECE436964F0B}.Release|Any CPU.Build.0 = Release|Any CPU
		{50CCBFE5-0B18-441F-BC99-430C102CA3E4}.Debug|Any CPU.ActiveCfg = Debug|Any CPU
		{50CCBFE5-0B18-441F-BC99-430C102CA3E4}.Debug|Any CPU.Build.0 = Debug|Any CPU
		{50CCBFE5-0B18-441F-BC99-430C102CA3E4}.Release|Any CPU.ActiveCfg = Release|Any CPU
		{50CCBFE5-0B18-441F-BC99-430C102CA3E4}.Release|Any CPU.Build.0 = Release|Any CPU
		{F55E1370-547B-4A6D-83E9-836C86A3985A}.Debug|Any CPU.ActiveCfg = Debug|Any CPU
		{F55E1370-547B-4A6D-83E9-836C86A3985A}.Debug|Any CPU.Build.0 = Debug|Any CPU
		{F55E1370-547B-4A6D-83E9-836C86A3985A}.Release|Any CPU.ActiveCfg = Release|Any CPU
		{F55E1370-547B-4A6D-83E9-836C86A3985A}.Release|Any CPU.Build.0 = Release|Any CPU
		{EE16D931-803F-4032-8D87-A2DA79ED8943}.Debug|Any CPU.ActiveCfg = Debug|Any CPU
		{EE16D931-803F-4032-8D87-A2DA79ED8943}.Debug|Any CPU.Build.0 = Debug|Any CPU
		{EE16D931-803F-4032-8D87-A2DA79ED8943}.Release|Any CPU.ActiveCfg = Release|Any CPU
		{EE16D931-803F-4032-8D87-A2DA79ED8943}.Release|Any CPU.Build.0 = Release|Any CPU
		{A3BFD403-CB02-4795-8525-A0C16A47C518}.Debug|Any CPU.ActiveCfg = Debug|Any CPU
		{A3BFD403-CB02-4795-8525-A0C16A47C518}.Debug|Any CPU.Build.0 = Debug|Any CPU
		{A3BFD403-CB02-4795-8525-A0C16A47C518}.Release|Any CPU.ActiveCfg = Release|Any CPU
		{A3BFD403-CB02-4795-8525-A0C16A47C518}.Release|Any CPU.Build.0 = Release|Any CPU
		{132D0E99-8F50-4F2E-81D0-475FA829B41C}.Debug|Any CPU.ActiveCfg = Debug|Any CPU
		{132D0E99-8F50-4F2E-81D0-475FA829B41C}.Debug|Any CPU.Build.0 = Debug|Any CPU
		{132D0E99-8F50-4F2E-81D0-475FA829B41C}.Release|Any CPU.ActiveCfg = Release|Any CPU
		{132D0E99-8F50-4F2E-81D0-475FA829B41C}.Release|Any CPU.Build.0 = Release|Any CPU
		{A702F66A-4DA8-4A09-9686-9D7186A88A41}.Debug|Any CPU.ActiveCfg = Debug|Any CPU
		{A702F66A-4DA8-4A09-9686-9D7186A88A41}.Debug|Any CPU.Build.0 = Debug|Any CPU
		{A702F66A-4DA8-4A09-9686-9D7186A88A41}.Release|Any CPU.ActiveCfg = Release|Any CPU
		{A702F66A-4DA8-4A09-9686-9D7186A88A41}.Release|Any CPU.Build.0 = Release|Any CPU
		{D50C9635-0CB2-4392-B4CD-C253D1A7A2DE}.Debug|Any CPU.ActiveCfg = Debug|Any CPU
		{D50C9635-0CB2-4392-B4CD-C253D1A7A2DE}.Debug|Any CPU.Build.0 = Debug|Any CPU
		{D50C9635-0CB2-4392-B4CD-C253D1A7A2DE}.Release|Any CPU.ActiveCfg = Release|Any CPU
		{D50C9635-0CB2-4392-B4CD-C253D1A7A2DE}.Release|Any CPU.Build.0 = Release|Any CPU
		{2316956E-2775-4931-8C7D-D4F4347FBE50}.Debug|Any CPU.ActiveCfg = Debug|Any CPU
		{2316956E-2775-4931-8C7D-D4F4347FBE50}.Debug|Any CPU.Build.0 = Debug|Any CPU
		{2316956E-2775-4931-8C7D-D4F4347FBE50}.Release|Any CPU.ActiveCfg = Release|Any CPU
		{2316956E-2775-4931-8C7D-D4F4347FBE50}.Release|Any CPU.Build.0 = Release|Any CPU
		{15B5AF87-3EF2-4882-ACBA-9BC96DAF8745}.Debug|Any CPU.ActiveCfg = Debug|Any CPU
		{15B5AF87-3EF2-4882-ACBA-9BC96DAF8745}.Debug|Any CPU.Build.0 = Debug|Any CPU
		{15B5AF87-3EF2-4882-ACBA-9BC96DAF8745}.Release|Any CPU.ActiveCfg = Release|Any CPU
		{15B5AF87-3EF2-4882-ACBA-9BC96DAF8745}.Release|Any CPU.Build.0 = Release|Any CPU
	EndGlobalSection
	GlobalSection(SolutionProperties) = preSolution
		HideSolutionNode = FALSE
	EndGlobalSection
	GlobalSection(NestedProjects) = preSolution
		{5BF41464-265C-42B8-9F73-A750D864AEFE} = {54A2F6FF-8570-4AA6-ACBA-43F0E0F59E51}
		{31E0B37D-5F24-4A3E-8AD1-5A48C90229EA} = {54A2F6FF-8570-4AA6-ACBA-43F0E0F59E51}
		{9BE2920D-ADC5-4593-B73E-B9BA3D67710F} = {54A2F6FF-8570-4AA6-ACBA-43F0E0F59E51}
		{4BB9A31F-99A4-4509-B5B8-3E89FD2D201E} = {235C020C-8AB5-41B7-82F8-C6C11D4B6112}
		{39DEDFEB-41C7-440B-9A1B-7C76513ECC25} = {235C020C-8AB5-41B7-82F8-C6C11D4B6112}
		{BFD53AE7-5BD9-44AC-96BD-731E8077474B} = {235C020C-8AB5-41B7-82F8-C6C11D4B6112}
		{D54E3538-738B-444B-B5F2-6930F633E2C0} = {235C020C-8AB5-41B7-82F8-C6C11D4B6112}
		{80C9021B-9EAA-443C-B752-AA6387C2F8C1} = {235C020C-8AB5-41B7-82F8-C6C11D4B6112}
		{66A7DA42-26BF-45FC-A0EA-64C9C9F19F88} = {023D5BD8-4599-419B-8150-B58328C08C91}
		{4C1E4A7B-28BF-4E2E-A752-18BA63573DE6} = {023D5BD8-4599-419B-8150-B58328C08C91}
		{FD2E4A3B-28C5-418B-93BD-057070DC3645} = {023D5BD8-4599-419B-8150-B58328C08C91}
		{1DD9E6BC-5362-41F0-984C-21CAD8632AB9} = {023D5BD8-4599-419B-8150-B58328C08C91}
		{AC7AC4F2-E89C-4913-B6B8-81BF295EA004} = {023D5BD8-4599-419B-8150-B58328C08C91}
		{84770EC4-B215-4D67-8589-708A7A6F1F5E} = {235C020C-8AB5-41B7-82F8-C6C11D4B6112}
		{99A5AEE9-91AD-4721-9727-4031AA8972AC} = {023D5BD8-4599-419B-8150-B58328C08C91}
		{62C110BB-F240-4420-8008-848769CE7C90} = {023D5BD8-4599-419B-8150-B58328C08C91}
		{49F00838-BF54-4FD2-B115-9EADEEED06F9} = {023D5BD8-4599-419B-8150-B58328C08C91}
		{1A702047-1A3C-4E35-A81E-277E6F1AFA77} = {B75FC6D3-8F26-4B4A-890F-9F01F405D425}
		{798BBADD-8718-4F33-A40E-1EAB69B89B3E} = {B75FC6D3-8F26-4B4A-890F-9F01F405D425}
		{9C6C0CFB-1CCB-4399-AB25-E66150BFDA59} = {B75FC6D3-8F26-4B4A-890F-9F01F405D425}
		{2DCA60DD-4B4A-4322-B398-5E97033C411E} = {B75FC6D3-8F26-4B4A-890F-9F01F405D425}
		{FC0ADB3B-7F1A-465E-9B1C-6B87166F85E7} = {B75FC6D3-8F26-4B4A-890F-9F01F405D425}
		{92EBD535-5D2A-4F6D-8011-ECE436964F0B} = {2F7C7D53-27CF-42FD-8462-1D5AD497F2B0}
		{50CCBFE5-0B18-441F-BC99-430C102CA3E4} = {2F7C7D53-27CF-42FD-8462-1D5AD497F2B0}
		{F55E1370-547B-4A6D-83E9-836C86A3985A} = {2F7C7D53-27CF-42FD-8462-1D5AD497F2B0}
		{EE16D931-803F-4032-8D87-A2DA79ED8943} = {2F7C7D53-27CF-42FD-8462-1D5AD497F2B0}
		{A3BFD403-CB02-4795-8525-A0C16A47C518} = {2F7C7D53-27CF-42FD-8462-1D5AD497F2B0}
		{132D0E99-8F50-4F2E-81D0-475FA829B41C} = {2F7C7D53-27CF-42FD-8462-1D5AD497F2B0}
		{A702F66A-4DA8-4A09-9686-9D7186A88A41} = {023D5BD8-4599-419B-8150-B58328C08C91}
		{D50C9635-0CB2-4392-B4CD-C253D1A7A2DE} = {023D5BD8-4599-419B-8150-B58328C08C91}
		{2316956E-2775-4931-8C7D-D4F4347FBE50} = {5F585A6B-9E78-4B4B-8C5A-014EF0FF5DA2}
		{15B5AF87-3EF2-4882-ACBA-9BC96DAF8745} = {5F585A6B-9E78-4B4B-8C5A-014EF0FF5DA2}
	EndGlobalSection
	GlobalSection(ExtensibilityGlobals) = postSolution
		SolutionGuid = {07D021E7-BFA3-4C24-8F27-C3EE740139D3}
	EndGlobalSection
EndGlobal
