
Microsoft Visual Studio Solution File, Format Version 12.00
# Visual Studio Version 17
VisualStudioVersion = 17.3.32811.315
MinimumVisualStudioVersion = 10.0.40219.1
Project("{FAE04EC0-301F-11D3-BF4B-00C04F79EFBC}") = "C08_Herencia_Explicacion", "C08_Herencia_Explicacion.csproj", "{2B800CAE-7BC8-4C76-89EF-64A801EDAA4D}"
EndProject
Project("{FAE04EC0-301F-11D3-BF4B-00C04F79EFBC}") = "Biblioteca", "Biblioteca\Biblioteca.csproj", "{8F2F61D6-BAB0-4FCD-AF1D-0C2E10748D0F}"
EndProject
Project("{2150E333-8FDC-42A3-9474-1A3956D46DE8}") = "C08_E01", "C08_E01", "{BB58D7AA-5A4C-4572-A699-596164B562DC}"
EndProject
Project("{FAE04EC0-301F-11D3-BF4B-00C04F79EFBC}") = "BibliotecaDeClases", "BibliotecaDeClases\BibliotecaDeClases.csproj", "{347D9B91-840B-42A4-9B0A-450ACF3BA00F}"
EndProject
Project("{FAE04EC0-301F-11D3-BF4B-00C04F79EFBC}") = "C08_E01", "C08_E01\C08_E01.csproj", "{14A29E87-719C-496D-9D37-97F57865F18E}"
EndProject
Project("{2150E333-8FDC-42A3-9474-1A3956D46DE8}") = "C08_E02", "C08_E02", "{95ECD4CA-92C8-4ADD-A57C-C2619BF1E92A}"
EndProject
Global
	GlobalSection(SolutionConfigurationPlatforms) = preSolution
		Debug|Any CPU = Debug|Any CPU
		Release|Any CPU = Release|Any CPU
	EndGlobalSection
	GlobalSection(ProjectConfigurationPlatforms) = postSolution
		{2B800CAE-7BC8-4C76-89EF-64A801EDAA4D}.Debug|Any CPU.ActiveCfg = Debug|Any CPU
		{2B800CAE-7BC8-4C76-89EF-64A801EDAA4D}.Debug|Any CPU.Build.0 = Debug|Any CPU
		{2B800CAE-7BC8-4C76-89EF-64A801EDAA4D}.Release|Any CPU.ActiveCfg = Release|Any CPU
		{2B800CAE-7BC8-4C76-89EF-64A801EDAA4D}.Release|Any CPU.Build.0 = Release|Any CPU
		{8F2F61D6-BAB0-4FCD-AF1D-0C2E10748D0F}.Debug|Any CPU.ActiveCfg = Debug|Any CPU
		{8F2F61D6-BAB0-4FCD-AF1D-0C2E10748D0F}.Debug|Any CPU.Build.0 = Debug|Any CPU
		{8F2F61D6-BAB0-4FCD-AF1D-0C2E10748D0F}.Release|Any CPU.ActiveCfg = Release|Any CPU
		{8F2F61D6-BAB0-4FCD-AF1D-0C2E10748D0F}.Release|Any CPU.Build.0 = Release|Any CPU
		{347D9B91-840B-42A4-9B0A-450ACF3BA00F}.Debug|Any CPU.ActiveCfg = Debug|Any CPU
		{347D9B91-840B-42A4-9B0A-450ACF3BA00F}.Debug|Any CPU.Build.0 = Debug|Any CPU
		{347D9B91-840B-42A4-9B0A-450ACF3BA00F}.Release|Any CPU.ActiveCfg = Release|Any CPU
		{347D9B91-840B-42A4-9B0A-450ACF3BA00F}.Release|Any CPU.Build.0 = Release|Any CPU
		{14A29E87-719C-496D-9D37-97F57865F18E}.Debug|Any CPU.ActiveCfg = Debug|Any CPU
		{14A29E87-719C-496D-9D37-97F57865F18E}.Debug|Any CPU.Build.0 = Debug|Any CPU
		{14A29E87-719C-496D-9D37-97F57865F18E}.Release|Any CPU.ActiveCfg = Release|Any CPU
		{14A29E87-719C-496D-9D37-97F57865F18E}.Release|Any CPU.Build.0 = Release|Any CPU
	EndGlobalSection
	GlobalSection(SolutionProperties) = preSolution
		HideSolutionNode = FALSE
	EndGlobalSection
	GlobalSection(NestedProjects) = preSolution
		{347D9B91-840B-42A4-9B0A-450ACF3BA00F} = {BB58D7AA-5A4C-4572-A699-596164B562DC}
		{14A29E87-719C-496D-9D37-97F57865F18E} = {BB58D7AA-5A4C-4572-A699-596164B562DC}
	EndGlobalSection
	GlobalSection(ExtensibilityGlobals) = postSolution
		SolutionGuid = {97993D2A-B44D-4640-9B26-60F1BDF29BD6}
	EndGlobalSection
EndGlobal
