
Microsoft Visual Studio Solution File, Format Version 12.00
# Visual Studio Version 17
VisualStudioVersion = 17.3.32811.315
MinimumVisualStudioVersion = 10.0.40219.1
Project("{FAE04EC0-301F-11D3-BF4B-00C04F79EFBC}") = "I02_Contabilidad", "I02_Contabilidad\I02_Contabilidad.csproj", "{C4339E0F-4F21-4F01-846F-3479449F742C}"
EndProject
Project("{FAE04EC0-301F-11D3-BF4B-00C04F79EFBC}") = "Biblioteca", "Biblioteca\Biblioteca.csproj", "{98C30191-9111-43D2-8AC2-5AA7DCE4FF19}"
EndProject
Global
	GlobalSection(SolutionConfigurationPlatforms) = preSolution
		Debug|Any CPU = Debug|Any CPU
		Release|Any CPU = Release|Any CPU
	EndGlobalSection
	GlobalSection(ProjectConfigurationPlatforms) = postSolution
		{C4339E0F-4F21-4F01-846F-3479449F742C}.Debug|Any CPU.ActiveCfg = Debug|Any CPU
		{C4339E0F-4F21-4F01-846F-3479449F742C}.Debug|Any CPU.Build.0 = Debug|Any CPU
		{C4339E0F-4F21-4F01-846F-3479449F742C}.Release|Any CPU.ActiveCfg = Release|Any CPU
		{C4339E0F-4F21-4F01-846F-3479449F742C}.Release|Any CPU.Build.0 = Release|Any CPU
		{98C30191-9111-43D2-8AC2-5AA7DCE4FF19}.Debug|Any CPU.ActiveCfg = Debug|Any CPU
		{98C30191-9111-43D2-8AC2-5AA7DCE4FF19}.Debug|Any CPU.Build.0 = Debug|Any CPU
		{98C30191-9111-43D2-8AC2-5AA7DCE4FF19}.Release|Any CPU.ActiveCfg = Release|Any CPU
		{98C30191-9111-43D2-8AC2-5AA7DCE4FF19}.Release|Any CPU.Build.0 = Release|Any CPU
	EndGlobalSection
	GlobalSection(SolutionProperties) = preSolution
		HideSolutionNode = FALSE
	EndGlobalSection
	GlobalSection(ExtensibilityGlobals) = postSolution
		SolutionGuid = {A2AC8540-5C1E-43D0-813A-9B8B3A7E5405}
	EndGlobalSection
EndGlobal
