
Microsoft Visual Studio Solution File, Format Version 12.00
# Visual Studio Version 17
VisualStudioVersion = 17.3.32811.315
MinimumVisualStudioVersion = 10.0.40219.1
Project("{FAE04EC0-301F-11D3-BF4B-00C04F79EFBC}") = "Entidades", "C12_Ejercicio01\Entidades.csproj", "{1A9727D0-B7D2-4BD4-8CBA-59340F3A4F94}"
EndProject
Project("{FAE04EC0-301F-11D3-BF4B-00C04F79EFBC}") = "C12_E01", "C12_E01\C12_E01.csproj", "{A2A81224-2058-4599-AAF6-D1E1029E006B}"
EndProject
Global
	GlobalSection(SolutionConfigurationPlatforms) = preSolution
		Debug|Any CPU = Debug|Any CPU
		Release|Any CPU = Release|Any CPU
	EndGlobalSection
	GlobalSection(ProjectConfigurationPlatforms) = postSolution
		{1A9727D0-B7D2-4BD4-8CBA-59340F3A4F94}.Debug|Any CPU.ActiveCfg = Debug|Any CPU
		{1A9727D0-B7D2-4BD4-8CBA-59340F3A4F94}.Debug|Any CPU.Build.0 = Debug|Any CPU
		{1A9727D0-B7D2-4BD4-8CBA-59340F3A4F94}.Release|Any CPU.ActiveCfg = Release|Any CPU
		{1A9727D0-B7D2-4BD4-8CBA-59340F3A4F94}.Release|Any CPU.Build.0 = Release|Any CPU
		{A2A81224-2058-4599-AAF6-D1E1029E006B}.Debug|Any CPU.ActiveCfg = Debug|Any CPU
		{A2A81224-2058-4599-AAF6-D1E1029E006B}.Debug|Any CPU.Build.0 = Debug|Any CPU
		{A2A81224-2058-4599-AAF6-D1E1029E006B}.Release|Any CPU.ActiveCfg = Release|Any CPU
		{A2A81224-2058-4599-AAF6-D1E1029E006B}.Release|Any CPU.Build.0 = Release|Any CPU
	EndGlobalSection
	GlobalSection(SolutionProperties) = preSolution
		HideSolutionNode = FALSE
	EndGlobalSection
	GlobalSection(ExtensibilityGlobals) = postSolution
		SolutionGuid = {2726F74E-EB0B-4B32-BC7E-6E66593B486B}
	EndGlobalSection
EndGlobal
